
Microsoft Visual Studio Solution File, Format Version 12.00
# Visual Studio Version 16
VisualStudioVersion = 16.0.32802.440
MinimumVisualStudioVersion = 10.0.40219.1
Project("{FAE04EC0-301F-11D3-BF4B-00C04F79EFBC}") = "EmployeeManagement", "EmployeeManagement\EmployeeManagement.csproj", "{1F1FF5AF-BCD1-4F0E-8209-81B6AF122E8E}"
EndProject
Global
	GlobalSection(SolutionConfigurationPlatforms) = preSolution
		Debug|Any CPU = Debug|Any CPU
		Release|Any CPU = Release|Any CPU
	EndGlobalSection
	GlobalSection(ProjectConfigurationPlatforms) = postSolution
		{1F1FF5AF-BCD1-4F0E-8209-81B6AF122E8E}.Debug|Any CPU.ActiveCfg = Debug|Any CPU
		{1F1FF5AF-BCD1-4F0E-8209-81B6AF122E8E}.Debug|Any CPU.Build.0 = Debug|Any CPU
		{1F1FF5AF-BCD1-4F0E-8209-81B6AF122E8E}.Release|Any CPU.ActiveCfg = Release|Any CPU
		{1F1FF5AF-BCD1-4F0E-8209-81B6AF122E8E}.Release|Any CPU.Build.0 = Release|Any CPU
	EndGlobalSection
	GlobalSection(SolutionProperties) = preSolution
		HideSolutionNode = FALSE
	EndGlobalSection
	GlobalSection(ExtensibilityGlobals) = postSolution
		SolutionGuid = {1778DA79-B308-4BAB-8403-2806C49301D0}
	EndGlobalSection
EndGlobal
